<?xml version="1.0" encoding="utf-8"?>
<Project ToolsVersion="4.0" xmlns="http://schemas.microsoft.com/developer/msbuild/2003">
  <ItemGroup>
    <ClCompile Include="entrypoint.cpp" />
  </ItemGroup>
  <ItemGroup>
    <Filter Include="workspace">
      <UniqueIdentifier>{4e244a76-03f3-40c4-9ab7-3a235b94275f}</UniqueIdentifier>
    </Filter>
  </ItemGroup>
  <ItemGroup>
    <ClInclude Include="junk.h">
      <Filter>workspace</Filter>
    </ClInclude>
  </ItemGroup>
</Project>